{
    "_meta": {
        "hash": {
            "sha256": "a7a1b9508e5249f3ca035c671d5330c6ff578454ca5b0aef8ab501654fcb2b6e"
        },
        "pipfile-spec": 6,
        "requires": {
            "python_version": "3.8"
        },
        "sources": [
            {
                "name": "pypi",
                "url": "https://pypi.org/simple",
                "verify_ssl": true
            }
        ]
    },
    "default": {
        "aniso8601": {
            "hashes": [
                "sha256:513d2b6637b7853806ae79ffaca6f3e8754bdd547048f5ccc1420aec4b714f1e",
                "sha256:d10a4bf949f619f719b227ef5386e31f49a2b6d453004b21f02661ccc8670c7b"
            ],
            "version": "==7.0.0"
        },
        "django": {
            "hashes": [
                "sha256:16040e1288c6c9f68c6da2fe75ebde83c0a158f6f5d54f4c5177b0c1478c5b86",
                "sha256:89c2007ca4fa5b351a51a279eccff298520783b713bf28efb89dfb81c80ea49b"
            ],
            "version": "==2.2.7"
        },
        "django-rest-framework": {
            "hashes": [
                "sha256:47a8f496fa69e3b6bd79f68dd7a1527d907d6b77f009e9db7cf9bb21cc565e4a"
            ],
            "index": "pypi",
            "version": "==0.1.0"
        },
        "djangorestframework": {
            "hashes": [
                "sha256:5488aed8f8df5ec1d70f04b2114abc52ae6729748a176c453313834a9ee179c8",
                "sha256:dc81cbf9775c6898a580f6f1f387c4777d12bd87abf0f5406018d32ccae71090"
            ],
            "version": "==3.10.3"
        },
        "graphene": {
            "hashes": [
                "sha256:09165f03e1591b76bf57b133482db9be6dac72c74b0a628d3c93182af9c5a896",
                "sha256:2cbe6d4ef15cfc7b7805e0760a0e5b80747161ce1b0f990dfdc0d2cf497c12f9"
            ],
            "version": "==2.1.8"
        },
        "graphene-django": {
            "hashes": [
                "sha256:0d1404ab1ba7873a8e848d87d138f615391d100ed0c046482c164429cfb992ef",
                "sha256:fa9e815f63e3c972773adc96c3f3c81e537dba0edcd0f1be92c799bc0b6ed0a8"
            ],
            "index": "pypi",
            "version": "==2.6.0"
        },
        "graphql-core": {
            "hashes": [
                "sha256:1488f2a5c2272dc9ba66e3042a6d1c30cea0db4c80bd1e911c6791ad6187d91b",
                "sha256:da64c472d720da4537a2e8de8ba859210b62841bd47a9be65ca35177f62fe0e4"
            ],
            "version": "==2.2.1"
        },
        "graphql-relay": {
            "hashes": [
                "sha256:0e94201af4089e1f81f07d7bd8f84799768e39d70fa1ea16d1df505b46cc6335",
                "sha256:75aa0758971e252964cb94068a4decd472d2a8295229f02189e3cbca1f10dbb5",
                "sha256:7fa74661246e826ef939ee92e768f698df167a7617361ab399901eaebf80dce6"
            ],
            "version": "==2.0.0"
        },
        "promise": {
            "hashes": [
                "sha256:2ebbfc10b7abf6354403ed785fe4f04b9dfd421eb1a474ac8d187022228332af",
                "sha256:348f5f6c3edd4fd47c9cd65aed03ac1b31136d375aa63871a57d3e444c85655c"
            ],
            "version": "==2.2.1"
        },
        "pytz": {
            "hashes": [
                "sha256:1c557d7d0e871de1f5ccd5833f60fb2550652da6be2693c1e02300743d21500d",
                "sha256:b02c06db6cf09c12dd25137e563b31700d3b80fcc4ad23abb7a315f2789819be"
            ],
            "version": "==2019.3"
        },
        "rx": {
            "hashes": [
                "sha256:13a1d8d9e252625c173dc795471e614eadfe1cf40ffc684e08b8fff0d9748c23",
                "sha256:7357592bc7e881a95e0c2013b73326f704953301ab551fbc8133a6fadab84105"
            ],
            "version": "==1.6.1"
        },
        "singledispatch": {
            "hashes": [
                "sha256:5b06af87df13818d14f08a028e42f566640aef80805c3b50c5056b086e3c2b9c",
                "sha256:833b46966687b3de7f438c761ac475213e53b306740f1abfaa86e1d1aae56aa8"
            ],
            "version": "==3.4.0.3"
        },
        "six": {
            "hashes": [
                "sha256:3350809f0555b11f552448330d0b52d5f24c91a322ea4a15ef22629740f3761c",
                "sha256:d16a0141ec1a18405cd4ce8b4613101da75da0e9a7aec5bdd4fa804d0e0eba73"
            ],
            "version": "==1.12.0"
        },
        "sqlparse": {
            "hashes": [
                "sha256:40afe6b8d4b1117e7dff5504d7a8ce07d9a1b15aeeade8a2d10f130a834f8177",
                "sha256:7c3dca29c022744e95b547e867cee89f4fce4373f3549ccd8797d8eb52cdb873"
            ],
            "version": "==0.3.0"
        }
    },
    "develop": {}
}
